github.com/golang/geo v0.0.0-20250731010204-92ad70d864ba h1:cdcKyOX1tLhHeO+qXCvSatCi7gkSVy1Dz1Z+3M4MR8Y=
github.com/golang/geo v0.0.0-20250731010204-92ad70d864ba/go.mod h1:AN0OjM34c3PbjAsX+QNma1nYtJtRxl+s9MZNV7S+efw=
github.com/google/go-cmp v0.7.0 h1:wk8382ETsv4JYUZwIsn6YpYiWiBsYLSJiTsyBybVuN8=
github.com/google/go-cmp v0.7.0/go.mod h1:pXiqmnSA92OHEEa9HXL2W4E7lf9JzCmGVUdgjX3N/iU=
